// !$*UTF8*$!
{
	archiveVersion = 1;
	classes = {
	};
	objectVersion = 70;
	objects = {

/* Begin PBXBuildFile section */
		C55573492CCE7A3B00F0CE3B /* GenerateViewModel.swift in Sources */ = {isa = PBXBuildFile; fileRef = C55573482CCE7A3B00F0CE3B /* GenerateViewModel.swift */; };
		C57D61132CC880ED00F49481 /* FischrViewModel.swift in Sources */ = {isa = PBXBuildFile; fileRef = C57D61122CC880DD00F49481 /* FischrViewModel.swift */; };
		C57D61852CCA155600F49481 /* OnboardingView.swift in Sources */ = {isa = PBXBuildFile; fileRef = C57D61842CCA155600F49481 /* OnboardingView.swift */; };
		C57D61872CCBB65900F49481 /* GenerateView.swift in Sources */ = {isa = PBXBuildFile; fileRef = C57D61862CCBB65900F49481 /* GenerateView.swift */; };
		C57D61892CCBB66E00F49481 /* HistoryItemView.swift in Sources */ = {isa = PBXBuildFile; fileRef = C57D61882CCBB66E00F49481 /* HistoryItemView.swift */; };
		C57D618C2CCBB6B600F49481 /* UIExtension.swift in Sources */ = {isa = PBXBuildFile; fileRef = C57D618A2CCBB6B600F49481 /* UIExtension.swift */; };
		C57D618E2CCBB70A00F49481 /* SettingsView.swift in Sources */ = {isa = PBXBuildFile; fileRef = C57D618D2CCBB70A00F49481 /* SettingsView.swift */; };
		C58679AF2CC3701800DAF988 /* Preview Assets.xcassets in Resources */ = {isa = PBXBuildFile; fileRef = C58679A42CC3701800DAF988 /* Preview Assets.xcassets */; };
		C58679B02CC3701800DAF988 /* Assets.xcassets in Resources */ = {isa = PBXBuildFile; fileRef = C58679A82CC3701800DAF988 /* Assets.xcassets */; };
		C58679B12CC3701800DAF988 /* ContentView.swift in Sources */ = {isa = PBXBuildFile; fileRef = C58679A92CC3701800DAF988 /* ContentView.swift */; };
		C58679B22CC3701800DAF988 /* Fischr.xcdatamodeld in Sources */ = {isa = PBXBuildFile; fileRef = C58679AA2CC3701800DAF988 /* Fischr.xcdatamodeld */; };
		C58679B32CC3701800DAF988 /* FischrApp.swift in Sources */ = {isa = PBXBuildFile; fileRef = C58679AB2CC3701800DAF988 /* FischrApp.swift */; };
		C58679B42CC3701800DAF988 /* Persistence.swift in Sources */ = {isa = PBXBuildFile; fileRef = C58679AC2CC3701800DAF988 /* Persistence.swift */; };
		C5F186F22CD0E6FF002CC4D4 /* String.swift in Sources */ = {isa = PBXBuildFile; fileRef = C5F186F12CD0E6F3002CC4D4 /* String.swift */; };
		C5F186F42CD0E802002CC4D4 /* PiecesModel.swift in Sources */ = {isa = PBXBuildFile; fileRef = C5F186F32CD0E7F8002CC4D4 /* PiecesModel.swift */; };
		C5F186F62CD102EA002CC4D4 /* CloseCross.swift in Sources */ = {isa = PBXBuildFile; fileRef = C5F186F52CD102EA002CC4D4 /* CloseCross.swift */; };
		FD0BEAF12CC8884B00477041 /* GridView.swift in Sources */ = {isa = PBXBuildFile; fileRef = FD0BEAF02CC8884600477041 /* GridView.swift */; };
		FD0BEAF32CC8885500477041 /* GridBView.swift in Sources */ = {isa = PBXBuildFile; fileRef = FD0BEAF22CC8884F00477041 /* GridBView.swift */; };
		FD0BEAF52CC8D40100477041 /* HomeView.swift in Sources */ = {isa = PBXBuildFile; fileRef = FD0BEAF42CC8D40100477041 /* HomeView.swift */; };
		FD0BEAF72CC8D8D600477041 /* PlayView.swift in Sources */ = {isa = PBXBuildFile; fileRef = FD0BEAF62CC8D8D600477041 /* PlayView.swift */; };
		FD0BEB782CCA325700477041 /* VoidRegular.ttf in Resources */ = {isa = PBXBuildFile; fileRef = FD0BEB752CCA325700477041 /* VoidRegular.ttf */; };
		FD0BEB792CCA325700477041 /* VoidLight.ttf in Resources */ = {isa = PBXBuildFile; fileRef = FD0BEB732CCA325700477041 /* VoidLight.ttf */; };
		FD0BEB7A2CCA325700477041 /* VoidBold.ttf in Resources */ = {isa = PBXBuildFile; fileRef = FD0BEB722CCA325700477041 /* VoidBold.ttf */; };
		FD0BEB7B2CCA325700477041 /* VoidMedium.ttf in Resources */ = {isa = PBXBuildFile; fileRef = FD0BEB742CCA325700477041 /* VoidMedium.ttf */; };
		FD0BEB7C2CCA325700477041 /* VoidSemiBold.ttf in Resources */ = {isa = PBXBuildFile; fileRef = FD0BEB762CCA325700477041 /* VoidSemiBold.ttf */; };
		FD0BEBE02CCF4BEB00477041 /* PositionDetailView.swift in Sources */ = {isa = PBXBuildFile; fileRef = FD0BEBDF2CCF4BEB00477041 /* PositionDetailView.swift */; };
		FD0BEBE22CD0496000477041 /* BoardView.swift in Sources */ = {isa = PBXBuildFile; fileRef = FD0BEBE12CD0496000477041 /* BoardView.swift */; };
		FD29965B2CD0C7630012EC55 /* PositionViewModel.swift in Sources */ = {isa = PBXBuildFile; fileRef = FD29965A2CD0C7630012EC55 /* PositionViewModel.swift */; };
		FDEABCFA2CD0CE1F00DBF978 /* PositionsModel.swift in Sources */ = {isa = PBXBuildFile; fileRef = FDEABCF92CD0CE1B00DBF978 /* PositionsModel.swift */; };
		FDEABD042CD1951500DBF978 /* WidgetKit.framework in Frameworks */ = {isa = PBXBuildFile; fileRef = FDEABD032CD1951500DBF978 /* WidgetKit.framework */; };
		FDEABD062CD1951500DBF978 /* SwiftUI.framework in Frameworks */ = {isa = PBXBuildFile; fileRef = FDEABD052CD1951500DBF978 /* SwiftUI.framework */; };
		FDEABD172CD1951600DBF978 /* FischrWidgetExtension.appex in Embed Foundation Extensions */ = {isa = PBXBuildFile; fileRef = FDEABD012CD1951500DBF978 /* FischrWidgetExtension.appex */; settings = {ATTRIBUTES = (RemoveHeadersOnCopy, ); }; };
/* End PBXBuildFile section */

/* Begin PBXContainerItemProxy section */
		FDEABD152CD1951600DBF978 /* PBXContainerItemProxy */ = {
			isa = PBXContainerItemProxy;
			containerPortal = C58679822CC3691F00DAF988 /* Project object */;
			proxyType = 1;
			remoteGlobalIDString = FDEABD002CD1951500DBF978;
			remoteInfo = FischrWidgetExtension;
		};
/* End PBXContainerItemProxy section */

/* Begin PBXCopyFilesBuildPhase section */
		FDEABD182CD1951600DBF978 /* Embed Foundation Extensions */ = {
			isa = PBXCopyFilesBuildPhase;
			buildActionMask = 2147483647;
			dstPath = "";
			dstSubfolderSpec = 13;
			files = (
				FDEABD172CD1951600DBF978 /* FischrWidgetExtension.appex in Embed Foundation Extensions */,
			);
			name = "Embed Foundation Extensions";
			runOnlyForDeploymentPostprocessing = 0;
		};
/* End PBXCopyFilesBuildPhase section */

/* Begin PBXFileReference section */
		C55573482CCE7A3B00F0CE3B /* GenerateViewModel.swift */ = {isa = PBXFileReference; lastKnownFileType = sourcecode.swift; path = GenerateViewModel.swift; sourceTree = "<group>"; };
		C57D61122CC880DD00F49481 /* FischrViewModel.swift */ = {isa = PBXFileReference; lastKnownFileType = sourcecode.swift; path = FischrViewModel.swift; sourceTree = "<group>"; };
		C57D61842CCA155600F49481 /* OnboardingView.swift */ = {isa = PBXFileReference; lastKnownFileType = sourcecode.swift; path = OnboardingView.swift; sourceTree = "<group>"; };
		C57D61862CCBB65900F49481 /* GenerateView.swift */ = {isa = PBXFileReference; lastKnownFileType = sourcecode.swift; path = GenerateView.swift; sourceTree = "<group>"; };
		C57D61882CCBB66E00F49481 /* HistoryItemView.swift */ = {isa = PBXFileReference; lastKnownFileType = sourcecode.swift; path = HistoryItemView.swift; sourceTree = "<group>"; };
		C57D618A2CCBB6B600F49481 /* UIExtension.swift */ = {isa = PBXFileReference; lastKnownFileType = sourcecode.swift; path = UIExtension.swift; sourceTree = "<group>"; };
		C57D618D2CCBB70A00F49481 /* SettingsView.swift */ = {isa = PBXFileReference; lastKnownFileType = sourcecode.swift; path = SettingsView.swift; sourceTree = "<group>"; };
		C586798A2CC3691F00DAF988 /* Fischr.app */ = {isa = PBXFileReference; explicitFileType = wrapper.application; includeInIndex = 0; path = Fischr.app; sourceTree = BUILT_PRODUCTS_DIR; };
		C58679A42CC3701800DAF988 /* Preview Assets.xcassets */ = {isa = PBXFileReference; lastKnownFileType = folder.assetcatalog; path = "Preview Assets.xcassets"; sourceTree = "<group>"; };
		C58679A82CC3701800DAF988 /* Assets.xcassets */ = {isa = PBXFileReference; lastKnownFileType = folder.assetcatalog; path = Assets.xcassets; sourceTree = "<group>"; };
		C58679A92CC3701800DAF988 /* ContentView.swift */ = {isa = PBXFileReference; lastKnownFileType = sourcecode.swift; path = ContentView.swift; sourceTree = "<group>"; };
		C58679AB2CC3701800DAF988 /* FischrApp.swift */ = {isa = PBXFileReference; lastKnownFileType = sourcecode.swift; path = FischrApp.swift; sourceTree = "<group>"; };
		C58679AC2CC3701800DAF988 /* Persistence.swift */ = {isa = PBXFileReference; lastKnownFileType = sourcecode.swift; path = Persistence.swift; sourceTree = "<group>"; };
		C58679AE2CC3701800DAF988 /* Fischr.xcdatamodel */ = {isa = PBXFileReference; lastKnownFileType = wrapper.xcdatamodel; path = Fischr.xcdatamodel; sourceTree = "<group>"; };
		C58679B52CC3702A00DAF988 /* README.md */ = {isa = PBXFileReference; lastKnownFileType = net.daringfireball.markdown; path = README.md; sourceTree = "<group>"; };
		C5F186F12CD0E6F3002CC4D4 /* String.swift */ = {isa = PBXFileReference; lastKnownFileType = sourcecode.swift; path = String.swift; sourceTree = "<group>"; };
		C5F186F32CD0E7F8002CC4D4 /* PiecesModel.swift */ = {isa = PBXFileReference; lastKnownFileType = sourcecode.swift; path = PiecesModel.swift; sourceTree = "<group>"; };
		C5F186F52CD102EA002CC4D4 /* CloseCross.swift */ = {isa = PBXFileReference; lastKnownFileType = sourcecode.swift; path = CloseCross.swift; sourceTree = "<group>"; };
		FD0BEAF02CC8884600477041 /* GridView.swift */ = {isa = PBXFileReference; lastKnownFileType = sourcecode.swift; path = GridView.swift; sourceTree = "<group>"; };
		FD0BEAF22CC8884F00477041 /* GridBView.swift */ = {isa = PBXFileReference; lastKnownFileType = sourcecode.swift; path = GridBView.swift; sourceTree = "<group>"; };
		FD0BEAF42CC8D40100477041 /* HomeView.swift */ = {isa = PBXFileReference; lastKnownFileType = sourcecode.swift; path = HomeView.swift; sourceTree = "<group>"; };
		FD0BEAF62CC8D8D600477041 /* PlayView.swift */ = {isa = PBXFileReference; lastKnownFileType = sourcecode.swift; path = PlayView.swift; sourceTree = "<group>"; };
		FD0BEB712CCA320900477041 /* Info.plist */ = {isa = PBXFileReference; lastKnownFileType = text.plist; path = Info.plist; sourceTree = "<group>"; };
		FD0BEB722CCA325700477041 /* VoidBold.ttf */ = {isa = PBXFileReference; lastKnownFileType = file; path = VoidBold.ttf; sourceTree = "<group>"; };
		FD0BEB732CCA325700477041 /* VoidLight.ttf */ = {isa = PBXFileReference; lastKnownFileType = file; path = VoidLight.ttf; sourceTree = "<group>"; };
		FD0BEB742CCA325700477041 /* VoidMedium.ttf */ = {isa = PBXFileReference; lastKnownFileType = file; path = VoidMedium.ttf; sourceTree = "<group>"; };
		FD0BEB752CCA325700477041 /* VoidRegular.ttf */ = {isa = PBXFileReference; lastKnownFileType = file; path = VoidRegular.ttf; sourceTree = "<group>"; };
		FD0BEB762CCA325700477041 /* VoidSemiBold.ttf */ = {isa = PBXFileReference; lastKnownFileType = file; path = VoidSemiBold.ttf; sourceTree = "<group>"; };
		FD0BEBDF2CCF4BEB00477041 /* PositionDetailView.swift */ = {isa = PBXFileReference; lastKnownFileType = sourcecode.swift; path = PositionDetailView.swift; sourceTree = "<group>"; };
		FD0BEBE12CD0496000477041 /* BoardView.swift */ = {isa = PBXFileReference; lastKnownFileType = sourcecode.swift; path = BoardView.swift; sourceTree = "<group>"; };
		FD29965A2CD0C7630012EC55 /* PositionViewModel.swift */ = {isa = PBXFileReference; lastKnownFileType = sourcecode.swift; path = PositionViewModel.swift; sourceTree = "<group>"; };
		FDEABCF92CD0CE1B00DBF978 /* PositionsModel.swift */ = {isa = PBXFileReference; lastKnownFileType = sourcecode.swift; path = PositionsModel.swift; sourceTree = "<group>"; };
		FDEABD012CD1951500DBF978 /* FischrWidgetExtension.appex */ = {isa = PBXFileReference; explicitFileType = "wrapper.app-extension"; includeInIndex = 0; path = FischrWidgetExtension.appex; sourceTree = BUILT_PRODUCTS_DIR; };
		FDEABD032CD1951500DBF978 /* WidgetKit.framework */ = {isa = PBXFileReference; lastKnownFileType = wrapper.framework; name = WidgetKit.framework; path = System/Library/Frameworks/WidgetKit.framework; sourceTree = SDKROOT; };
		FDEABD052CD1951500DBF978 /* SwiftUI.framework */ = {isa = PBXFileReference; lastKnownFileType = wrapper.framework; name = SwiftUI.framework; path = System/Library/Frameworks/SwiftUI.framework; sourceTree = SDKROOT; };
		FDEABD1D2CD19D9500DBF978 /* Fischr.entitlements */ = {isa = PBXFileReference; lastKnownFileType = text.plist.entitlements; path = Fischr.entitlements; sourceTree = "<group>"; };
		FDEABD1E2CD19DF400DBF978 /* FischrWidgetExtension.entitlements */ = {isa = PBXFileReference; lastKnownFileType = text.plist.entitlements; path = FischrWidgetExtension.entitlements; sourceTree = "<group>"; };
/* End PBXFileReference section */

/* Begin PBXFileSystemSynchronizedBuildFileExceptionSet section */
		FDEABD1B2CD1951600DBF978 /* PBXFileSystemSynchronizedBuildFileExceptionSet */ = {
			isa = PBXFileSystemSynchronizedBuildFileExceptionSet;
			membershipExceptions = (
				Info.plist,
			);
			target = FDEABD002CD1951500DBF978 /* FischrWidgetExtension */;
		};
/* End PBXFileSystemSynchronizedBuildFileExceptionSet section */

/* Begin PBXFileSystemSynchronizedRootGroup section */
		FDEABD072CD1951500DBF978 /* FischrWidget */ = {isa = PBXFileSystemSynchronizedRootGroup; exceptions = (FDEABD1B2CD1951600DBF978 /* PBXFileSystemSynchronizedBuildFileExceptionSet */, ); explicitFileTypes = {}; explicitFolders = (); path = FischrWidget; sourceTree = "<group>"; };
/* End PBXFileSystemSynchronizedRootGroup section */

/* Begin PBXFrameworksBuildPhase section */
		C58679872CC3691F00DAF988 /* Frameworks */ = {
			isa = PBXFrameworksBuildPhase;
			buildActionMask = 2147483647;
			files = (
			);
			runOnlyForDeploymentPostprocessing = 0;
		};
		FDEABCFE2CD1951500DBF978 /* Frameworks */ = {
			isa = PBXFrameworksBuildPhase;
			buildActionMask = 2147483647;
			files = (
				FDEABD062CD1951500DBF978 /* SwiftUI.framework in Frameworks */,
				FDEABD042CD1951500DBF978 /* WidgetKit.framework in Frameworks */,
			);
			runOnlyForDeploymentPostprocessing = 0;
		};
/* End PBXFrameworksBuildPhase section */

/* Begin PBXGroup section */
		C57D61832CCA152000F49481 /* Helpers */ = {
			isa = PBXGroup;
			children = (
				C57D618B2CCBB6B600F49481 /* Extension */,
				C57D61882CCBB66E00F49481 /* HistoryItemView.swift */,
				FD0BEAF22CC8884F00477041 /* GridBView.swift */,
				FD0BEAF02CC8884600477041 /* GridView.swift */,
				C5F186F52CD102EA002CC4D4 /* CloseCross.swift */,
			);
			path = Helpers;
			sourceTree = "<group>";
		};
		C57D618B2CCBB6B600F49481 /* Extension */ = {
			isa = PBXGroup;
			children = (
				C5F186F12CD0E6F3002CC4D4 /* String.swift */,
				C57D618A2CCBB6B600F49481 /* UIExtension.swift */,
			);
			path = Extension;
			sourceTree = "<group>";
		};
		C58679812CC3691F00DAF988 = {
			isa = PBXGroup;
			children = (
				FDEABD1F2CD1AD2F00DBF978 /* share */,
				FDEABD1E2CD19DF400DBF978 /* FischrWidgetExtension.entitlements */,
				C58679B52CC3702A00DAF988 /* README.md */,
				C58679AD2CC3701800DAF988 /* Fischr */,
				FDEABD072CD1951500DBF978 /* FischrWidget */,
				FDEABD022CD1951500DBF978 /* Frameworks */,
				C586798B2CC3691F00DAF988 /* Products */,
			);
			sourceTree = "<group>";
		};
		C586798B2CC3691F00DAF988 /* Products */ = {
			isa = PBXGroup;
			children = (
				C586798A2CC3691F00DAF988 /* Fischr.app */,
				FDEABD012CD1951500DBF978 /* FischrWidgetExtension.appex */,
			);
			name = Products;
			sourceTree = "<group>";
		};
		C58679A32CC3701800DAF988 /* Model */ = {
			isa = PBXGroup;
			children = (
				C5F186F32CD0E7F8002CC4D4 /* PiecesModel.swift */,
				FDEABCF92CD0CE1B00DBF978 /* PositionsModel.swift */,
				C58679AA2CC3701800DAF988 /* Fischr.xcdatamodeld */,
				C58679AC2CC3701800DAF988 /* Persistence.swift */,
			);
			path = Model;
			sourceTree = "<group>";
		};
		C58679A52CC3701800DAF988 /* Preview Content */ = {
			isa = PBXGroup;
			children = (
				C58679A42CC3701800DAF988 /* Preview Assets.xcassets */,
			);
			path = "Preview Content";
			sourceTree = "<group>";
		};
		C58679A62CC3701800DAF988 /* View */ = {
			isa = PBXGroup;
			children = (
				FD0BEAF62CC8D8D600477041 /* PlayView.swift */,
				C57D61842CCA155600F49481 /* OnboardingView.swift */,
				FD0BEAF42CC8D40100477041 /* HomeView.swift */,
				FD0BEBE12CD0496000477041 /* BoardView.swift */,
				FD0BEBDF2CCF4BEB00477041 /* PositionDetailView.swift */,
				C57D618D2CCBB70A00F49481 /* SettingsView.swift */,
				C57D61862CCBB65900F49481 /* GenerateView.swift */,
				C57D61832CCA152000F49481 /* Helpers */,
				C58679A92CC3701800DAF988 /* ContentView.swift */,
			);
			path = View;
			sourceTree = "<group>";
		};
		C58679A72CC3701800DAF988 /* ViewModel */ = {
			isa = PBXGroup;
			children = (
				FD29965A2CD0C7630012EC55 /* PositionViewModel.swift */,
				C57D61122CC880DD00F49481 /* FischrViewModel.swift */,
			);
			path = ViewModel;
			sourceTree = "<group>";
		};
		C58679AD2CC3701800DAF988 /* Fischr */ = {
			isa = PBXGroup;
			children = (
				FDEABD1D2CD19D9500DBF978 /* Fischr.entitlements */,
				FD0BEB712CCA320900477041 /* Info.plist */,
				C58679A32CC3701800DAF988 /* Model */,
				C58679A52CC3701800DAF988 /* Preview Content */,
				C58679A62CC3701800DAF988 /* View */,
				C58679A72CC3701800DAF988 /* ViewModel */,
				C58679A82CC3701800DAF988 /* Assets.xcassets */,
				C58679AB2CC3701800DAF988 /* FischrApp.swift */,
				FD0BEB772CCA325700477041 /* Fonts */,
			);
			path = Fischr;
			sourceTree = "<group>";
		};
		FD0BEB772CCA325700477041 /* Fonts */ = {
			isa = PBXGroup;
			children = (
				FD0BEB722CCA325700477041 /* VoidBold.ttf */,
				FD0BEB732CCA325700477041 /* VoidLight.ttf */,
				FD0BEB742CCA325700477041 /* VoidMedium.ttf */,
				FD0BEB752CCA325700477041 /* VoidRegular.ttf */,
				FD0BEB762CCA325700477041 /* VoidSemiBold.ttf */,
			);
			path = Fonts;
			sourceTree = "<group>";
		};
		FDEABD022CD1951500DBF978 /* Frameworks */ = {
			isa = PBXGroup;
			children = (
				FDEABD032CD1951500DBF978 /* WidgetKit.framework */,
				FDEABD052CD1951500DBF978 /* SwiftUI.framework */,
			);
			name = Frameworks;
			sourceTree = "<group>";
		};
		FDEABD1F2CD1AD2F00DBF978 /* share */ = {
			isa = PBXGroup;
			children = (
				C55573482CCE7A3B00F0CE3B /* GenerateViewModel.swift */,
			);
			path = share;
			sourceTree = "<group>";
		};
/* End PBXGroup section */

/* Begin PBXNativeTarget section */
		C58679892CC3691F00DAF988 /* Fischr */ = {
			isa = PBXNativeTarget;
			buildConfigurationList = C586799D2CC3692100DAF988 /* Build configuration list for PBXNativeTarget "Fischr" */;
			buildPhases = (
				C58679862CC3691F00DAF988 /* Sources */,
				C58679872CC3691F00DAF988 /* Frameworks */,
				C58679882CC3691F00DAF988 /* Resources */,
				FDEABD182CD1951600DBF978 /* Embed Foundation Extensions */,
			);
			buildRules = (
			);
			dependencies = (
				FDEABD162CD1951600DBF978 /* PBXTargetDependency */,
			);
			name = Fischr;
			packageProductDependencies = (
			);
			productName = Fischr;
			productReference = C586798A2CC3691F00DAF988 /* Fischr.app */;
			productType = "com.apple.product-type.application";
		};
		FDEABD002CD1951500DBF978 /* FischrWidgetExtension */ = {
			isa = PBXNativeTarget;
			buildConfigurationList = FDEABD1C2CD1951600DBF978 /* Build configuration list for PBXNativeTarget "FischrWidgetExtension" */;
			buildPhases = (
				FDEABCFD2CD1951500DBF978 /* Sources */,
				FDEABCFE2CD1951500DBF978 /* Frameworks */,
				FDEABCFF2CD1951500DBF978 /* Resources */,
			);
			buildRules = (
			);
			dependencies = (
			);
			fileSystemSynchronizedGroups = (
				FDEABD072CD1951500DBF978 /* FischrWidget */,
			);
			name = FischrWidgetExtension;
			packageProductDependencies = (
			);
			productName = FischrWidgetExtension;
			productReference = FDEABD012CD1951500DBF978 /* FischrWidgetExtension.appex */;
			productType = "com.apple.product-type.app-extension";
		};
/* End PBXNativeTarget section */

/* Begin PBXProject section */
		C58679822CC3691F00DAF988 /* Project object */ = {
			isa = PBXProject;
			attributes = {
				BuildIndependentTargetsInParallel = 1;
				LastSwiftUpdateCheck = 1600;
				LastUpgradeCheck = 1600;
				TargetAttributes = {
					C58679892CC3691F00DAF988 = {
						CreatedOnToolsVersion = 16.0;
					};
					FDEABD002CD1951500DBF978 = {
						CreatedOnToolsVersion = 16.0;
					};
				};
			};
			buildConfigurationList = C58679852CC3691F00DAF988 /* Build configuration list for PBXProject "Fischr" */;
			compatibilityVersion = "Xcode 15.0";
			developmentRegion = en;
			hasScannedForEncodings = 0;
			knownRegions = (
				en,
				Base,
			);
			mainGroup = C58679812CC3691F00DAF988;
			minimizedProjectReferenceProxies = 1;
			productRefGroup = C586798B2CC3691F00DAF988 /* Products */;
			projectDirPath = "";
			projectRoot = "";
			targets = (
				C58679892CC3691F00DAF988 /* Fischr */,
				FDEABD002CD1951500DBF978 /* FischrWidgetExtension */,
			);
		};
/* End PBXProject section */

/* Begin PBXResourcesBuildPhase section */
		C58679882CC3691F00DAF988 /* Resources */ = {
			isa = PBXResourcesBuildPhase;
			buildActionMask = 2147483647;
			files = (
				C58679AF2CC3701800DAF988 /* Preview Assets.xcassets in Resources */,
				FD0BEB782CCA325700477041 /* VoidRegular.ttf in Resources */,
				FD0BEB792CCA325700477041 /* VoidLight.ttf in Resources */,
				FD0BEB7A2CCA325700477041 /* VoidBold.ttf in Resources */,
				FD0BEB7B2CCA325700477041 /* VoidMedium.ttf in Resources */,
				FD0BEB7C2CCA325700477041 /* VoidSemiBold.ttf in Resources */,
				C58679B02CC3701800DAF988 /* Assets.xcassets in Resources */,
			);
			runOnlyForDeploymentPostprocessing = 0;
		};
		FDEABCFF2CD1951500DBF978 /* Resources */ = {
			isa = PBXResourcesBuildPhase;
			buildActionMask = 2147483647;
			files = (
			);
			runOnlyForDeploymentPostprocessing = 0;
		};
/* End PBXResourcesBuildPhase section */

/* Begin PBXSourcesBuildPhase section */
		C58679862CC3691F00DAF988 /* Sources */ = {
			isa = PBXSourcesBuildPhase;
			buildActionMask = 2147483647;
			files = (
				C55573492CCE7A3B00F0CE3B /* GenerateViewModel.swift in Sources */,
				C58679B12CC3701800DAF988 /* ContentView.swift in Sources */,
				C57D618C2CCBB6B600F49481 /* UIExtension.swift in Sources */,
				FD0BEAF32CC8885500477041 /* GridBView.swift in Sources */,
				C58679B22CC3701800DAF988 /* Fischr.xcdatamodeld in Sources */,
				C57D61852CCA155600F49481 /* OnboardingView.swift in Sources */,
				FD29965B2CD0C7630012EC55 /* PositionViewModel.swift in Sources */,
				C5F186F62CD102EA002CC4D4 /* CloseCross.swift in Sources */,
				FD0BEBE02CCF4BEB00477041 /* PositionDetailView.swift in Sources */,
				C57D61892CCBB66E00F49481 /* HistoryItemView.swift in Sources */,
				C58679B32CC3701800DAF988 /* FischrApp.swift in Sources */,
				C57D618E2CCBB70A00F49481 /* SettingsView.swift in Sources */,
				C58679B42CC3701800DAF988 /* Persistence.swift in Sources */,
				C57D61872CCBB65900F49481 /* GenerateView.swift in Sources */,
				FD0BEAF52CC8D40100477041 /* HomeView.swift in Sources */,
				FDEABCFA2CD0CE1F00DBF978 /* PositionsModel.swift in Sources */,
				FD0BEBE22CD0496000477041 /* BoardView.swift in Sources */,
				FD0BEAF72CC8D8D600477041 /* PlayView.swift in Sources */,
				C5F186F42CD0E802002CC4D4 /* PiecesModel.swift in Sources */,
				C5F186F22CD0E6FF002CC4D4 /* String.swift in Sources */,
				FD0BEAF12CC8884B00477041 /* GridView.swift in Sources */,
				C57D61132CC880ED00F49481 /* FischrViewModel.swift in Sources */,
			);
			runOnlyForDeploymentPostprocessing = 0;
		};
		FDEABCFD2CD1951500DBF978 /* Sources */ = {
			isa = PBXSourcesBuildPhase;
			buildActionMask = 2147483647;
			files = (
			);
			runOnlyForDeploymentPostprocessing = 0;
		};
/* End PBXSourcesBuildPhase section */

/* Begin PBXTargetDependency section */
		FDEABD162CD1951600DBF978 /* PBXTargetDependency */ = {
			isa = PBXTargetDependency;
			target = FDEABD002CD1951500DBF978 /* FischrWidgetExtension */;
			targetProxy = FDEABD152CD1951600DBF978 /* PBXContainerItemProxy */;
		};
/* End PBXTargetDependency section */

/* Begin XCBuildConfiguration section */
		C586799B2CC3692100DAF988 /* Debug */ = {
			isa = XCBuildConfiguration;
			buildSettings = {
				ALWAYS_SEARCH_USER_PATHS = NO;
				ASSETCATALOG_COMPILER_GENERATE_SWIFT_ASSET_SYMBOL_EXTENSIONS = YES;
				CLANG_ANALYZER_NONNULL = YES;
				CLANG_ANALYZER_NUMBER_OBJECT_CONVERSION = YES_AGGRESSIVE;
				CLANG_CXX_LANGUAGE_STANDARD = "gnu++20";
				CLANG_ENABLE_MODULES = YES;
				CLANG_ENABLE_OBJC_ARC = YES;
				CLANG_ENABLE_OBJC_WEAK = YES;
				CLANG_WARN_BLOCK_CAPTURE_AUTORELEASING = YES;
				CLANG_WARN_BOOL_CONVERSION = YES;
				CLANG_WARN_COMMA = YES;
				CLANG_WARN_CONSTANT_CONVERSION = YES;
				CLANG_WARN_DEPRECATED_OBJC_IMPLEMENTATIONS = YES;
				CLANG_WARN_DIRECT_OBJC_ISA_USAGE = YES_ERROR;
				CLANG_WARN_DOCUMENTATION_COMMENTS = YES;
				CLANG_WARN_EMPTY_BODY = YES;
				CLANG_WARN_ENUM_CONVERSION = YES;
				CLANG_WARN_INFINITE_RECURSION = YES;
				CLANG_WARN_INT_CONVERSION = YES;
				CLANG_WARN_NON_LITERAL_NULL_CONVERSION = YES;
				CLANG_WARN_OBJC_IMPLICIT_RETAIN_SELF = YES;
				CLANG_WARN_OBJC_LITERAL_CONVERSION = YES;
				CLANG_WARN_OBJC_ROOT_CLASS = YES_ERROR;
				CLANG_WARN_QUOTED_INCLUDE_IN_FRAMEWORK_HEADER = YES;
				CLANG_WARN_RANGE_LOOP_ANALYSIS = YES;
				CLANG_WARN_STRICT_PROTOTYPES = YES;
				CLANG_WARN_SUSPICIOUS_MOVE = YES;
				CLANG_WARN_UNGUARDED_AVAILABILITY = YES_AGGRESSIVE;
				CLANG_WARN_UNREACHABLE_CODE = YES;
				CLANG_WARN__DUPLICATE_METHOD_MATCH = YES;
				COPY_PHASE_STRIP = NO;
				DEBUG_INFORMATION_FORMAT = dwarf;
				ENABLE_STRICT_OBJC_MSGSEND = YES;
				ENABLE_TESTABILITY = YES;
				ENABLE_USER_SCRIPT_SANDBOXING = YES;
				GCC_C_LANGUAGE_STANDARD = gnu17;
				GCC_DYNAMIC_NO_PIC = NO;
				GCC_NO_COMMON_BLOCKS = YES;
				GCC_OPTIMIZATION_LEVEL = 0;
				GCC_PREPROCESSOR_DEFINITIONS = (
					"DEBUG=1",
					"$(inherited)",
				);
				GCC_WARN_64_TO_32_BIT_CONVERSION = YES;
				GCC_WARN_ABOUT_RETURN_TYPE = YES_ERROR;
				GCC_WARN_UNDECLARED_SELECTOR = YES;
				GCC_WARN_UNINITIALIZED_AUTOS = YES_AGGRESSIVE;
				GCC_WARN_UNUSED_FUNCTION = YES;
				GCC_WARN_UNUSED_VARIABLE = YES;
				IPHONEOS_DEPLOYMENT_TARGET = 18.0;
				LOCALIZATION_PREFERS_STRING_CATALOGS = YES;
				MTL_ENABLE_DEBUG_INFO = INCLUDE_SOURCE;
				MTL_FAST_MATH = YES;
				ONLY_ACTIVE_ARCH = YES;
				SDKROOT = iphoneos;
				SWIFT_ACTIVE_COMPILATION_CONDITIONS = "DEBUG $(inherited)";
				SWIFT_OPTIMIZATION_LEVEL = "-Onone";
			};
			name = Debug;
		};
		C586799C2CC3692100DAF988 /* Release */ = {
			isa = XCBuildConfiguration;
			buildSettings = {
				ALWAYS_SEARCH_USER_PATHS = NO;
				ASSETCATALOG_COMPILER_GENERATE_SWIFT_ASSET_SYMBOL_EXTENSIONS = YES;
				CLANG_ANALYZER_NONNULL = YES;
				CLANG_ANALYZER_NUMBER_OBJECT_CONVERSION = YES_AGGRESSIVE;
				CLANG_CXX_LANGUAGE_STANDARD = "gnu++20";
				CLANG_ENABLE_MODULES = YES;
				CLANG_ENABLE_OBJC_ARC = YES;
				CLANG_ENABLE_OBJC_WEAK = YES;
				CLANG_WARN_BLOCK_CAPTURE_AUTORELEASING = YES;
				CLANG_WARN_BOOL_CONVERSION = YES;
				CLANG_WARN_COMMA = YES;
				CLANG_WARN_CONSTANT_CONVERSION = YES;
				CLANG_WARN_DEPRECATED_OBJC_IMPLEMENTATIONS = YES;
				CLANG_WARN_DIRECT_OBJC_ISA_USAGE = YES_ERROR;
				CLANG_WARN_DOCUMENTATION_COMMENTS = YES;
				CLANG_WARN_EMPTY_BODY = YES;
				CLANG_WARN_ENUM_CONVERSION = YES;
				CLANG_WARN_INFINITE_RECURSION = YES;
				CLANG_WARN_INT_CONVERSION = YES;
				CLANG_WARN_NON_LITERAL_NULL_CONVERSION = YES;
				CLANG_WARN_OBJC_IMPLICIT_RETAIN_SELF = YES;
				CLANG_WARN_OBJC_LITERAL_CONVERSION = YES;
				CLANG_WARN_OBJC_ROOT_CLASS = YES_ERROR;
				CLANG_WARN_QUOTED_INCLUDE_IN_FRAMEWORK_HEADER = YES;
				CLANG_WARN_RANGE_LOOP_ANALYSIS = YES;
				CLANG_WARN_STRICT_PROTOTYPES = YES;
				CLANG_WARN_SUSPICIOUS_MOVE = YES;
				CLANG_WARN_UNGUARDED_AVAILABILITY = YES_AGGRESSIVE;
				CLANG_WARN_UNREACHABLE_CODE = YES;
				CLANG_WARN__DUPLICATE_METHOD_MATCH = YES;
				COPY_PHASE_STRIP = NO;
				DEBUG_INFORMATION_FORMAT = "dwarf-with-dsym";
				ENABLE_NS_ASSERTIONS = NO;
				ENABLE_STRICT_OBJC_MSGSEND = YES;
				ENABLE_USER_SCRIPT_SANDBOXING = YES;
				GCC_C_LANGUAGE_STANDARD = gnu17;
				GCC_NO_COMMON_BLOCKS = YES;
				GCC_WARN_64_TO_32_BIT_CONVERSION = YES;
				GCC_WARN_ABOUT_RETURN_TYPE = YES_ERROR;
				GCC_WARN_UNDECLARED_SELECTOR = YES;
				GCC_WARN_UNINITIALIZED_AUTOS = YES_AGGRESSIVE;
				GCC_WARN_UNUSED_FUNCTION = YES;
				GCC_WARN_UNUSED_VARIABLE = YES;
				IPHONEOS_DEPLOYMENT_TARGET = 18.0;
				LOCALIZATION_PREFERS_STRING_CATALOGS = YES;
				MTL_ENABLE_DEBUG_INFO = NO;
				MTL_FAST_MATH = YES;
				SDKROOT = iphoneos;
				SWIFT_COMPILATION_MODE = wholemodule;
				VALIDATE_PRODUCT = YES;
			};
			name = Release;
		};
		C586799E2CC3692100DAF988 /* Debug */ = {
			isa = XCBuildConfiguration;
			buildSettings = {
				ASSETCATALOG_COMPILER_APPICON_NAME = AppIcon;
				ASSETCATALOG_COMPILER_GLOBAL_ACCENT_COLOR_NAME = AccentColor;
				CODE_SIGN_ENTITLEMENTS = Fischr/Fischr.entitlements;
				CODE_SIGN_STYLE = Automatic;
				CURRENT_PROJECT_VERSION = 1;
				DEVELOPMENT_ASSET_PATHS = "\"Fischr/Preview Content\"";
				DEVELOPMENT_TEAM = Q5KWHQF24J;
				ENABLE_PREVIEWS = YES;
				GENERATE_INFOPLIST_FILE = YES;
				INFOPLIST_FILE = Fischr/Info.plist;
				INFOPLIST_KEY_CFBundleDisplayName = Fischr;
				INFOPLIST_KEY_LSApplicationCategoryType = "public.app-category.board-games";
				INFOPLIST_KEY_UIApplicationSupportsIndirectInputEvents = YES;
				INFOPLIST_KEY_UILaunchScreen_Generation = YES;
				INFOPLIST_KEY_UISupportedInterfaceOrientations = UIInterfaceOrientationPortrait;
				INFOPLIST_KEY_UISupportedInterfaceOrientations_iPad = "UIInterfaceOrientationLandscapeLeft UIInterfaceOrientationLandscapeRight UIInterfaceOrientationPortrait UIInterfaceOrientationPortraitUpsideDown";
				IPHONEOS_DEPLOYMENT_TARGET = 17.0;
				LD_RUNPATH_SEARCH_PATHS = (
					"$(inherited)",
					"@executable_path/Frameworks",
				);
				MARKETING_VERSION = 1.0;
				PRODUCT_BUNDLE_IDENTIFIER = au.quang.dev.Fischr;
				PRODUCT_NAME = "$(TARGET_NAME)";
				SWIFT_EMIT_LOC_STRINGS = YES;
				SWIFT_VERSION = 5.0;
				TARGETED_DEVICE_FAMILY = "1,2";
			};
			name = Debug;
		};
		C586799F2CC3692100DAF988 /* Release */ = {
			isa = XCBuildConfiguration;
			buildSettings = {
				ASSETCATALOG_COMPILER_APPICON_NAME = AppIcon;
				ASSETCATALOG_COMPILER_GLOBAL_ACCENT_COLOR_NAME = AccentColor;
				CODE_SIGN_ENTITLEMENTS = Fischr/Fischr.entitlements;
				CODE_SIGN_STYLE = Automatic;
				CURRENT_PROJECT_VERSION = 1;
				DEVELOPMENT_ASSET_PATHS = "\"Fischr/Preview Content\"";
				DEVELOPMENT_TEAM = Q5KWHQF24J;
				ENABLE_PREVIEWS = YES;
				GENERATE_INFOPLIST_FILE = YES;
				INFOPLIST_FILE = Fischr/Info.plist;
				INFOPLIST_KEY_CFBundleDisplayName = Fischr;
				INFOPLIST_KEY_LSApplicationCategoryType = "public.app-category.board-games";
				INFOPLIST_KEY_UIApplicationSupportsIndirectInputEvents = YES;
				INFOPLIST_KEY_UILaunchScreen_Generation = YES;
				INFOPLIST_KEY_UISupportedInterfaceOrientations = UIInterfaceOrientationPortrait;
				INFOPLIST_KEY_UISupportedInterfaceOrientations_iPad = "UIInterfaceOrientationLandscapeLeft UIInterfaceOrientationLandscapeRight UIInterfaceOrientationPortrait UIInterfaceOrientationPortraitUpsideDown";
				IPHONEOS_DEPLOYMENT_TARGET = 17.0;
				LD_RUNPATH_SEARCH_PATHS = (
					"$(inherited)",
					"@executable_path/Frameworks",
				);
				MARKETING_VERSION = 1.0;
				PRODUCT_BUNDLE_IDENTIFIER = au.quang.dev.Fischr;
				PRODUCT_NAME = "$(TARGET_NAME)";
				SWIFT_EMIT_LOC_STRINGS = YES;
				SWIFT_VERSION = 5.0;
				TARGETED_DEVICE_FAMILY = "1,2";
			};
			name = Release;
		};
		FDEABD192CD1951600DBF978 /* Debug */ = {
			isa = XCBuildConfiguration;
			buildSettings = {
				ASSETCATALOG_COMPILER_GLOBAL_ACCENT_COLOR_NAME = AccentColor;
				ASSETCATALOG_COMPILER_WIDGET_BACKGROUND_COLOR_NAME = WidgetBackground;
				CODE_SIGN_ENTITLEMENTS = FischrWidgetExtension.entitlements;
				CODE_SIGN_STYLE = Automatic;
				CURRENT_PROJECT_VERSION = 1;
				DEVELOPMENT_TEAM = Q5KWHQF24J;
				GENERATE_INFOPLIST_FILE = YES;
				INFOPLIST_FILE = FischrWidget/Info.plist;
				INFOPLIST_KEY_CFBundleDisplayName = FischrWidget;
				INFOPLIST_KEY_NSHumanReadableCopyright = "";
				LD_RUNPATH_SEARCH_PATHS = (
					"$(inherited)",
					"@executable_path/Frameworks",
					"@executable_path/../../Frameworks",
				);
				MARKETING_VERSION = 1.0;
				PRODUCT_BUNDLE_IDENTIFIER = au.quang.dev.Fischr.FischrWidget;
				PRODUCT_NAME = "$(TARGET_NAME)";
				SKIP_INSTALL = YES;
				SWIFT_EMIT_LOC_STRINGS = YES;
				SWIFT_VERSION = 5.0;
				TARGETED_DEVICE_FAMILY = "1,2";
			};
			name = Debug;
		};
		FDEABD1A2CD1951600DBF978 /* Release */ = {
			isa = XCBuildConfiguration;
			buildSettings = {
				ASSETCATALOG_COMPILER_GLOBAL_ACCENT_COLOR_NAME = AccentColor;
				ASSETCATALOG_COMPILER_WIDGET_BACKGROUND_COLOR_NAME = WidgetBackground;
				CODE_SIGN_ENTITLEMENTS = FischrWidgetExtension.entitlements;
				CODE_SIGN_STYLE = Automatic;
				CURRENT_PROJECT_VERSION = 1;
				DEVELOPMENT_TEAM = Q5KWHQF24J;
				GENERATE_INFOPLIST_FILE = YES;
				INFOPLIST_FILE = FischrWidget/Info.plist;
				INFOPLIST_KEY_CFBundleDisplayName = FischrWidget;
				INFOPLIST_KEY_NSHumanReadableCopyright = "";
				LD_RUNPATH_SEARCH_PATHS = (
					"$(inherited)",
					"@executable_path/Frameworks",
					"@executable_path/../../Frameworks",
				);
				MARKETING_VERSION = 1.0;
				PRODUCT_BUNDLE_IDENTIFIER = au.quang.dev.Fischr.FischrWidget;
				PRODUCT_NAME = "$(TARGET_NAME)";
				SKIP_INSTALL = YES;
				SWIFT_EMIT_LOC_STRINGS = YES;
				SWIFT_VERSION = 5.0;
				TARGETED_DEVICE_FAMILY = "1,2";
			};
			name = Release;
		};
/* End XCBuildConfiguration section */

/* Begin XCConfigurationList section */
		C58679852CC3691F00DAF988 /* Build configuration list for PBXProject "Fischr" */ = {
			isa = XCConfigurationList;
			buildConfigurations = (
				C586799B2CC3692100DAF988 /* Debug */,
				C586799C2CC3692100DAF988 /* Release */,
			);
			defaultConfigurationIsVisible = 0;
			defaultConfigurationName = Release;
		};
		C586799D2CC3692100DAF988 /* Build configuration list for PBXNativeTarget "Fischr" */ = {
			isa = XCConfigurationList;
			buildConfigurations = (
				C586799E2CC3692100DAF988 /* Debug */,
				C586799F2CC3692100DAF988 /* Release */,
			);
			defaultConfigurationIsVisible = 0;
			defaultConfigurationName = Release;
		};
		FDEABD1C2CD1951600DBF978 /* Build configuration list for PBXNativeTarget "FischrWidgetExtension" */ = {
			isa = XCConfigurationList;
			buildConfigurations = (
				FDEABD192CD1951600DBF978 /* Debug */,
				FDEABD1A2CD1951600DBF978 /* Release */,
			);
			defaultConfigurationIsVisible = 0;
			defaultConfigurationName = Release;
		};
/* End XCConfigurationList section */

/* Begin XCVersionGroup section */
		C58679AA2CC3701800DAF988 /* Fischr.xcdatamodeld */ = {
			isa = XCVersionGroup;
			children = (
				C58679AE2CC3701800DAF988 /* Fischr.xcdatamodel */,
			);
			currentVersion = C58679AE2CC3701800DAF988 /* Fischr.xcdatamodel */;
			path = Fischr.xcdatamodeld;
			sourceTree = "<group>";
			versionGroupType = wrapper.xcdatamodel;
		};
/* End XCVersionGroup section */
	};
	rootObject = C58679822CC3691F00DAF988 /* Project object */;
}
